
Microsoft Visual Studio Solution File, Format Version 12.00
# Visual Studio Version 18
VisualStudioVersion = 18.6.11822.322
MinimumVisualStudioVersion = 10.0.40219.1
Project("{2150E333-8FDC-42A3-9474-1A3956D46DE8}") = "Core", "Core", "{9B59A4F3-8B4B-4A9B-8013-68657BB165EF}"
EndProject
Project("{2150E333-8FDC-42A3-9474-1A3956D46DE8}") = "Ui", "Ui", "{B2EFA226-055B-46C6-84CD-EFDF6859FB0F}"
EndProject
Project("{FAE04EC0-301F-11D3-BF4B-00C04F79EFBC}") = "Crolow.Designer.Core", "Core\Crolow.Designer.Core\Crolow.Designer.Core.csproj", "{BF3C6C8F-D46A-EE91-990B-B49AD674EAFC}"
EndProject
Project("{FAE04EC0-301F-11D3-BF4B-00C04F79EFBC}") = "Crolow.Designer.Abstractions", "Core\Crolow.Designer.Abstractions\Crolow.Designer.Abstractions.csproj", "{98AEB446-8CAF-B03C-204A-D977376421A2}"
EndProject
Project("{FAE04EC0-301F-11D3-BF4B-00C04F79EFBC}") = "Crolow.Designer.Core.Extended", "Core\Crolow.Designer.Extended\Crolow.Designer.Core.Extended.csproj", "{9583B20B-1391-AAE6-0A57-8E081FD6CA20}"
EndProject
Project("{FAE04EC0-301F-11D3-BF4B-00C04F79EFBC}") = "Crolow.Designer.Runtime", "Core\Crolow.Designer.Infrastructure\Crolow.Designer.Runtime.csproj", "{148D994E-F7D3-2504-BF1B-D5E2B0295562}"
EndProject
Project("{FAE04EC0-301F-11D3-BF4B-00C04F79EFBC}") = "Crolow.Designer.UI", "Ui\Crolow.Designer.UI\Crolow.Designer.UI.csproj", "{1A9514C4-3E0E-8DEE-8BA8-B0319DD4CDCE}"
EndProject
Project("{FAE04EC0-301F-11D3-BF4B-00C04F79EFBC}") = "Crolow.Designer.Wpf.App", "Ui\Crolow.Designer.Wpf.App\Crolow.Designer.Wpf.App.csproj", "{EDCEE3D0-5224-CFAF-B9BB-29DDAC3834A2}"
EndProject
Project("{2150E333-8FDC-42A3-9474-1A3956D46DE8}") = "Tests", "Tests", "{598F2E1C-29C8-4EBD-BB06-AF15C9D0734B}"
EndProject
Project("{FAE04EC0-301F-11D3-BF4B-00C04F79EFBC}") = "Crolow.Designer.Console.App", "Test\Crolow.Designer.Console.App\Crolow.Designer.Console.App.csproj", "{34F84F3F-78FC-1741-BE83-90EC5E04949E}"
EndProject
Global
	GlobalSection(SolutionConfigurationPlatforms) = preSolution
		Debug|Any CPU = Debug|Any CPU
		Release|Any CPU = Release|Any CPU
	EndGlobalSection
	GlobalSection(ProjectConfigurationPlatforms) = postSolution
		{BF3C6C8F-D46A-EE91-990B-B49AD674EAFC}.Debug|Any CPU.ActiveCfg = Debug|Any CPU
		{BF3C6C8F-D46A-EE91-990B-B49AD674EAFC}.Debug|Any CPU.Build.0 = Debug|Any CPU
		{BF3C6C8F-D46A-EE91-990B-B49AD674EAFC}.Release|Any CPU.ActiveCfg = Release|Any CPU
		{BF3C6C8F-D46A-EE91-990B-B49AD674EAFC}.Release|Any CPU.Build.0 = Release|Any CPU
		{98AEB446-8CAF-B03C-204A-D977376421A2}.Debug|Any CPU.ActiveCfg = Debug|Any CPU
		{98AEB446-8CAF-B03C-204A-D977376421A2}.Debug|Any CPU.Build.0 = Debug|Any CPU
		{98AEB446-8CAF-B03C-204A-D977376421A2}.Release|Any CPU.ActiveCfg = Release|Any CPU
		{98AEB446-8CAF-B03C-204A-D977376421A2}.Release|Any CPU.Build.0 = Release|Any CPU
		{9583B20B-1391-AAE6-0A57-8E081FD6CA20}.Debug|Any CPU.ActiveCfg = Debug|Any CPU
		{9583B20B-1391-AAE6-0A57-8E081FD6CA20}.Debug|Any CPU.Build.0 = Debug|Any CPU
		{9583B20B-1391-AAE6-0A57-8E081FD6CA20}.Release|Any CPU.ActiveCfg = Release|Any CPU
		{9583B20B-1391-AAE6-0A57-8E081FD6CA20}.Release|Any CPU.Build.0 = Release|Any CPU
		{148D994E-F7D3-2504-BF1B-D5E2B0295562}.Debug|Any CPU.ActiveCfg = Debug|Any CPU
		{148D994E-F7D3-2504-BF1B-D5E2B0295562}.Debug|Any CPU.Build.0 = Debug|Any CPU
		{148D994E-F7D3-2504-BF1B-D5E2B0295562}.Release|Any CPU.ActiveCfg = Release|Any CPU
		{148D994E-F7D3-2504-BF1B-D5E2B0295562}.Release|Any CPU.Build.0 = Release|Any CPU
		{1A9514C4-3E0E-8DEE-8BA8-B0319DD4CDCE}.Debug|Any CPU.ActiveCfg = Debug|Any CPU
		{1A9514C4-3E0E-8DEE-8BA8-B0319DD4CDCE}.Debug|Any CPU.Build.0 = Debug|Any CPU
		{1A9514C4-3E0E-8DEE-8BA8-B0319DD4CDCE}.Release|Any CPU.ActiveCfg = Release|Any CPU
		{1A9514C4-3E0E-8DEE-8BA8-B0319DD4CDCE}.Release|Any CPU.Build.0 = Release|Any CPU
		{EDCEE3D0-5224-CFAF-B9BB-29DDAC3834A2}.Debug|Any CPU.ActiveCfg = Debug|Any CPU
		{EDCEE3D0-5224-CFAF-B9BB-29DDAC3834A2}.Debug|Any CPU.Build.0 = Debug|Any CPU
		{EDCEE3D0-5224-CFAF-B9BB-29DDAC3834A2}.Release|Any CPU.ActiveCfg = Release|Any CPU
		{EDCEE3D0-5224-CFAF-B9BB-29DDAC3834A2}.Release|Any CPU.Build.0 = Release|Any CPU
		{34F84F3F-78FC-1741-BE83-90EC5E04949E}.Debug|Any CPU.ActiveCfg = Debug|Any CPU
		{34F84F3F-78FC-1741-BE83-90EC5E04949E}.Debug|Any CPU.Build.0 = Debug|Any CPU
		{34F84F3F-78FC-1741-BE83-90EC5E04949E}.Release|Any CPU.ActiveCfg = Release|Any CPU
		{34F84F3F-78FC-1741-BE83-90EC5E04949E}.Release|Any CPU.Build.0 = Release|Any CPU
	EndGlobalSection
	GlobalSection(SolutionProperties) = preSolution
		HideSolutionNode = FALSE
	EndGlobalSection
	GlobalSection(NestedProjects) = preSolution
		{BF3C6C8F-D46A-EE91-990B-B49AD674EAFC} = {9B59A4F3-8B4B-4A9B-8013-68657BB165EF}
		{98AEB446-8CAF-B03C-204A-D977376421A2} = {9B59A4F3-8B4B-4A9B-8013-68657BB165EF}
		{9583B20B-1391-AAE6-0A57-8E081FD6CA20} = {9B59A4F3-8B4B-4A9B-8013-68657BB165EF}
		{148D994E-F7D3-2504-BF1B-D5E2B0295562} = {9B59A4F3-8B4B-4A9B-8013-68657BB165EF}
		{1A9514C4-3E0E-8DEE-8BA8-B0319DD4CDCE} = {B2EFA226-055B-46C6-84CD-EFDF6859FB0F}
		{EDCEE3D0-5224-CFAF-B9BB-29DDAC3834A2} = {B2EFA226-055B-46C6-84CD-EFDF6859FB0F}
		{34F84F3F-78FC-1741-BE83-90EC5E04949E} = {598F2E1C-29C8-4EBD-BB06-AF15C9D0734B}
	EndGlobalSection
	GlobalSection(ExtensibilityGlobals) = postSolution
		SolutionGuid = {193A9158-6FD2-48A0-9B89-5D954B3EFBC9}
	EndGlobalSection
EndGlobal
