
Microsoft Visual Studio Solution File, Format Version 12.00
# Visual Studio Version 18
VisualStudioVersion = 18.6.11822.322
MinimumVisualStudioVersion = 10.0.40219.1
Project("{FAE04EC0-301F-11D3-BF4B-00C04F79EFBC}") = "Crolow.Designer.Core", "Crolow.Designer.Core\Crolow.Designer.Core.csproj", "{007EFB58-F56D-39E9-876F-23E64146A135}"
EndProject
Project("{FAE04EC0-301F-11D3-BF4B-00C04F79EFBC}") = "Crolow.Designer.Core.Extended", "Crolow.Designer.Extended\Crolow.Designer.Core.Extended.csproj", "{C5E5425A-6D59-14C5-B27D-95BB826F6ACD}"
EndProject
Project("{2150E333-8FDC-42A3-9474-1A3956D46DE8}") = "Core", "Core", "{9B59A4F3-8B4B-4A9B-8013-68657BB165EF}"
EndProject
Project("{2150E333-8FDC-42A3-9474-1A3956D46DE8}") = "Wpf", "Wpf", "{B2EFA226-055B-46C6-84CD-EFDF6859FB0F}"
EndProject
Project("{FAE04EC0-301F-11D3-BF4B-00C04F79EFBC}") = "Crolow.Designer.Wpf.App", "Crolow.Designer.Wpf.App\Crolow.Designer.Wpf.App.csproj", "{890654AD-E24E-4605-989F-2E8080C4CFC6}"
EndProject
Project("{FAE04EC0-301F-11D3-BF4B-00C04F79EFBC}") = "Crolow.Designer.Runtime", "Crolow.Designer.Infrastructure\Crolow.Designer.Runtime.csproj", "{36DD9399-E9C6-44AF-963B-5D85BD9A29C5}"
EndProject
Project("{FAE04EC0-301F-11D3-BF4B-00C04F79EFBC}") = "Crolow.Designer.Abstractions", "Crolow.Designer.Abstractions\Crolow.Designer.Abstractions.csproj", "{FDC5CB1B-4BE3-4603-8083-40305C49C880}"
EndProject
Project("{FAE04EC0-301F-11D3-BF4B-00C04F79EFBC}") = "Crolow.Designer.Console.App", "Crolow.Designer.Console.App\Crolow.Designer.Console.App.csproj", "{1A98E7DD-2BB9-4F5E-AF1F-09D7B59C2CE1}"
EndProject
Global
	GlobalSection(SolutionConfigurationPlatforms) = preSolution
		Debug|Any CPU = Debug|Any CPU
		Release|Any CPU = Release|Any CPU
	EndGlobalSection
	GlobalSection(ProjectConfigurationPlatforms) = postSolution
		{007EFB58-F56D-39E9-876F-23E64146A135}.Debug|Any CPU.ActiveCfg = Debug|Any CPU
		{007EFB58-F56D-39E9-876F-23E64146A135}.Debug|Any CPU.Build.0 = Debug|Any CPU
		{007EFB58-F56D-39E9-876F-23E64146A135}.Release|Any CPU.ActiveCfg = Release|Any CPU
		{007EFB58-F56D-39E9-876F-23E64146A135}.Release|Any CPU.Build.0 = Release|Any CPU
		{C5E5425A-6D59-14C5-B27D-95BB826F6ACD}.Debug|Any CPU.ActiveCfg = Debug|Any CPU
		{C5E5425A-6D59-14C5-B27D-95BB826F6ACD}.Debug|Any CPU.Build.0 = Debug|Any CPU
		{C5E5425A-6D59-14C5-B27D-95BB826F6ACD}.Release|Any CPU.ActiveCfg = Release|Any CPU
		{C5E5425A-6D59-14C5-B27D-95BB826F6ACD}.Release|Any CPU.Build.0 = Release|Any CPU
		{890654AD-E24E-4605-989F-2E8080C4CFC6}.Debug|Any CPU.ActiveCfg = Debug|Any CPU
		{890654AD-E24E-4605-989F-2E8080C4CFC6}.Debug|Any CPU.Build.0 = Debug|Any CPU
		{890654AD-E24E-4605-989F-2E8080C4CFC6}.Release|Any CPU.ActiveCfg = Release|Any CPU
		{890654AD-E24E-4605-989F-2E8080C4CFC6}.Release|Any CPU.Build.0 = Release|Any CPU
		{36DD9399-E9C6-44AF-963B-5D85BD9A29C5}.Debug|Any CPU.ActiveCfg = Debug|Any CPU
		{36DD9399-E9C6-44AF-963B-5D85BD9A29C5}.Debug|Any CPU.Build.0 = Debug|Any CPU
		{36DD9399-E9C6-44AF-963B-5D85BD9A29C5}.Release|Any CPU.ActiveCfg = Release|Any CPU
		{36DD9399-E9C6-44AF-963B-5D85BD9A29C5}.Release|Any CPU.Build.0 = Release|Any CPU
		{FDC5CB1B-4BE3-4603-8083-40305C49C880}.Debug|Any CPU.ActiveCfg = Debug|Any CPU
		{FDC5CB1B-4BE3-4603-8083-40305C49C880}.Debug|Any CPU.Build.0 = Debug|Any CPU
		{FDC5CB1B-4BE3-4603-8083-40305C49C880}.Release|Any CPU.ActiveCfg = Release|Any CPU
		{FDC5CB1B-4BE3-4603-8083-40305C49C880}.Release|Any CPU.Build.0 = Release|Any CPU
		{1A98E7DD-2BB9-4F5E-AF1F-09D7B59C2CE1}.Debug|Any CPU.ActiveCfg = Debug|Any CPU
		{1A98E7DD-2BB9-4F5E-AF1F-09D7B59C2CE1}.Debug|Any CPU.Build.0 = Debug|Any CPU
		{1A98E7DD-2BB9-4F5E-AF1F-09D7B59C2CE1}.Release|Any CPU.ActiveCfg = Release|Any CPU
		{1A98E7DD-2BB9-4F5E-AF1F-09D7B59C2CE1}.Release|Any CPU.Build.0 = Release|Any CPU
	EndGlobalSection
	GlobalSection(SolutionProperties) = preSolution
		HideSolutionNode = FALSE
	EndGlobalSection
	GlobalSection(NestedProjects) = preSolution
		{007EFB58-F56D-39E9-876F-23E64146A135} = {9B59A4F3-8B4B-4A9B-8013-68657BB165EF}
		{C5E5425A-6D59-14C5-B27D-95BB826F6ACD} = {9B59A4F3-8B4B-4A9B-8013-68657BB165EF}
		{890654AD-E24E-4605-989F-2E8080C4CFC6} = {B2EFA226-055B-46C6-84CD-EFDF6859FB0F}
		{36DD9399-E9C6-44AF-963B-5D85BD9A29C5} = {9B59A4F3-8B4B-4A9B-8013-68657BB165EF}
		{FDC5CB1B-4BE3-4603-8083-40305C49C880} = {9B59A4F3-8B4B-4A9B-8013-68657BB165EF}
		{1A98E7DD-2BB9-4F5E-AF1F-09D7B59C2CE1} = {B2EFA226-055B-46C6-84CD-EFDF6859FB0F}
	EndGlobalSection
	GlobalSection(ExtensibilityGlobals) = postSolution
		SolutionGuid = {193A9158-6FD2-48A0-9B89-5D954B3EFBC9}
	EndGlobalSection
EndGlobal
